
Microsoft Visual Studio Solution File, Format Version 12.00
# Visual Studio Version 16
VisualStudioVersion = 16.0.31005.135
MinimumVisualStudioVersion = 10.0.40219.1
Project("{FAE04EC0-301F-11D3-BF4B-00C04F79EFBC}") = "ClassLibraryCore", "ClassLibraryCore\ClassLibraryCore.csproj", "{4C7B2068-0058-4BD6-96B6-C09D4D37574D}"
EndProject
Global
	GlobalSection(SolutionConfigurationPlatforms) = preSolution
		Debug|Any CPU = Debug|Any CPU
		Release|Any CPU = Release|Any CPU
	EndGlobalSection
	GlobalSection(ProjectConfigurationPlatforms) = postSolution
		{4C7B2068-0058-4BD6-96B6-C09D4D37574D}.Debug|Any CPU.ActiveCfg = Debug|Any CPU
		{4C7B2068-0058-4BD6-96B6-C09D4D37574D}.Debug|Any CPU.Build.0 = Debug|Any CPU
		{4C7B2068-0058-4BD6-96B6-C09D4D37574D}.Release|Any CPU.ActiveCfg = Release|Any CPU
		{4C7B2068-0058-4BD6-96B6-C09D4D37574D}.Release|Any CPU.Build.0 = Release|Any CPU
	EndGlobalSection
	GlobalSection(SolutionProperties) = preSolution
		HideSolutionNode = FALSE
	EndGlobalSection
	GlobalSection(ExtensibilityGlobals) = postSolution
		SolutionGuid = {B7C1E5C9-DAF6-484D-8395-6FBC3D6FE0F0}
	EndGlobalSection
EndGlobal
