
Microsoft Visual Studio Solution File, Format Version 12.00
# Visual Studio Version 16
VisualStudioVersion = 16.0.31005.135
MinimumVisualStudioVersion = 10.0.40219.1
Project("{9A19103F-16F7-4668-BE54-9A1E7A4F7556}") = "SolutionReferences", "SolutionReferences\SolutionReferences.csproj", "{238F6C86-5276-473C-9656-120A015D9404}"
EndProject
Project("{FAE04EC0-301F-11D3-BF4B-00C04F79EFBC}") = "SolutionReferences.Domain", "SolutionReferences.Domain\SolutionReferences.Domain.csproj", "{4089A387-4056-4DCB-9CBE-8CDCE506A9AF}"
EndProject
Project("{FAE04EC0-301F-11D3-BF4B-00C04F79EFBC}") = "SolutionReferences.Services", "SolutionReferences.Services\SolutionReferences.Services.csproj", "{84EBFA8F-112B-48B9-B3FD-77767765934D}"
EndProject
Global
	GlobalSection(SolutionConfigurationPlatforms) = preSolution
		Debug|Any CPU = Debug|Any CPU
		Release|Any CPU = Release|Any CPU
	EndGlobalSection
	GlobalSection(ProjectConfigurationPlatforms) = postSolution
		{238F6C86-5276-473C-9656-120A015D9404}.Debug|Any CPU.ActiveCfg = Debug|Any CPU
		{238F6C86-5276-473C-9656-120A015D9404}.Debug|Any CPU.Build.0 = Debug|Any CPU
		{238F6C86-5276-473C-9656-120A015D9404}.Release|Any CPU.ActiveCfg = Release|Any CPU
		{238F6C86-5276-473C-9656-120A015D9404}.Release|Any CPU.Build.0 = Release|Any CPU
		{4089A387-4056-4DCB-9CBE-8CDCE506A9AF}.Debug|Any CPU.ActiveCfg = Debug|Any CPU
		{4089A387-4056-4DCB-9CBE-8CDCE506A9AF}.Debug|Any CPU.Build.0 = Debug|Any CPU
		{4089A387-4056-4DCB-9CBE-8CDCE506A9AF}.Release|Any CPU.ActiveCfg = Release|Any CPU
		{4089A387-4056-4DCB-9CBE-8CDCE506A9AF}.Release|Any CPU.Build.0 = Release|Any CPU
		{84EBFA8F-112B-48B9-B3FD-77767765934D}.Debug|Any CPU.ActiveCfg = Debug|Any CPU
		{84EBFA8F-112B-48B9-B3FD-77767765934D}.Debug|Any CPU.Build.0 = Debug|Any CPU
		{84EBFA8F-112B-48B9-B3FD-77767765934D}.Release|Any CPU.ActiveCfg = Release|Any CPU
		{84EBFA8F-112B-48B9-B3FD-77767765934D}.Release|Any CPU.Build.0 = Release|Any CPU
	EndGlobalSection
	GlobalSection(SolutionProperties) = preSolution
		HideSolutionNode = FALSE
	EndGlobalSection
	GlobalSection(ExtensibilityGlobals) = postSolution
		SolutionGuid = {189BA474-60FB-4C37-BC75-6456757C4C32}
	EndGlobalSection
EndGlobal
